
Microsoft Visual Studio Solution File, Format Version 12.00
# Visual Studio Version 16
VisualStudioVersion = 16.0.30621.155
MinimumVisualStudioVersion = 10.0.40219.1
Project("{FAE04EC0-301F-11D3-BF4B-00C04F79EFBC}") = "MyService", "MyService\MyService.csproj", "{D2A1E66A-FC00-4134-A509-84626780CA34}"
EndProject
Project("{FAE04EC0-301F-11D3-BF4B-00C04F79EFBC}") = "MySite", "MySite\MySite.csproj", "{BE46D75C-14F2-4489-B973-E4E707333F29}"
EndProject
Global
	GlobalSection(SolutionConfigurationPlatforms) = preSolution
		Debug|Any CPU = Debug|Any CPU
		Release|Any CPU = Release|Any CPU
	EndGlobalSection
	GlobalSection(ProjectConfigurationPlatforms) = postSolution
		{D2A1E66A-FC00-4134-A509-84626780CA34}.Debug|Any CPU.ActiveCfg = Debug|Any CPU
		{D2A1E66A-FC00-4134-A509-84626780CA34}.Debug|Any CPU.Build.0 = Debug|Any CPU
		{D2A1E66A-FC00-4134-A509-84626780CA34}.Release|Any CPU.ActiveCfg = Release|Any CPU
		{D2A1E66A-FC00-4134-A509-84626780CA34}.Release|Any CPU.Build.0 = Release|Any CPU
		{BE46D75C-14F2-4489-B973-E4E707333F29}.Debug|Any CPU.ActiveCfg = Debug|Any CPU
		{BE46D75C-14F2-4489-B973-E4E707333F29}.Debug|Any CPU.Build.0 = Debug|Any CPU
		{BE46D75C-14F2-4489-B973-E4E707333F29}.Release|Any CPU.ActiveCfg = Release|Any CPU
		{BE46D75C-14F2-4489-B973-E4E707333F29}.Release|Any CPU.Build.0 = Release|Any CPU
	EndGlobalSection
	GlobalSection(SolutionProperties) = preSolution
		HideSolutionNode = FALSE
	EndGlobalSection
	GlobalSection(ExtensibilityGlobals) = postSolution
		SolutionGuid = {00B0728F-F656-452F-8309-733DC2EDB2C2}
	EndGlobalSection
EndGlobal
